
Microsoft Visual Studio Solution File, Format Version 12.00
# Visual Studio Version 17
VisualStudioVersion = 17.5.33627.172
MinimumVisualStudioVersion = 10.0.40219.1
Project("{FAE04EC0-301F-11D3-BF4B-00C04F79EFBC}") = "EFCoreIssue30818", "EFCoreIssue30818.csproj", "{99FC520C-DD7C-4A1B-84F1-FD2EFF3FAB75}"
EndProject
Global
	GlobalSection(SolutionConfigurationPlatforms) = preSolution
		Debug|Any CPU = Debug|Any CPU
		Release|Any CPU = Release|Any CPU
	EndGlobalSection
	GlobalSection(ProjectConfigurationPlatforms) = postSolution
		{99FC520C-DD7C-4A1B-84F1-FD2EFF3FAB75}.Debug|Any CPU.ActiveCfg = Debug|Any CPU
		{99FC520C-DD7C-4A1B-84F1-FD2EFF3FAB75}.Debug|Any CPU.Build.0 = Debug|Any CPU
		{99FC520C-DD7C-4A1B-84F1-FD2EFF3FAB75}.Release|Any CPU.ActiveCfg = Release|Any CPU
		{99FC520C-DD7C-4A1B-84F1-FD2EFF3FAB75}.Release|Any CPU.Build.0 = Release|Any CPU
	EndGlobalSection
	GlobalSection(SolutionProperties) = preSolution
		HideSolutionNode = FALSE
	EndGlobalSection
	GlobalSection(ExtensibilityGlobals) = postSolution
		SolutionGuid = {BC68F343-4B54-4A07-A5FF-743E9AB100F8}
	EndGlobalSection
EndGlobal
